<?xml version="1.0" encoding="utf-8"?>
<Project ToolsVersion="4.0" xmlns="http://schemas.microsoft.com/developer/msbuild/2003">
  <ItemGroup>
    <Filter Include="Source Files">
      <UniqueIdentifier>{4FC737F1-C7A5-4376-A066-2A32D752A2FF}</UniqueIdentifier>
      <Extensions>cpp;c;cc;cxx;c++;cppm;ixx;def;odl;idl;hpj;bat;asm;asmx</Extensions>
    </Filter>
    <Filter Include="Components">
      <UniqueIdentifier>{1909eb39-28a7-4c2e-a9a0-3c21f8eba665}</UniqueIdentifier>
    </Filter>
    <Filter Include="Misc">
      <UniqueIdentifier>{4dc73792-deb7-49af-81cd-c9d01276e45a}</UniqueIdentifier>
    </Filter>
    <Filter Include="Commands">
      <UniqueIdentifier>{f569ada1-1879-44de-bc84-2651f3d29488}</UniqueIdentifier>
    </Filter>
    <Filter Include="Commands\MovementCommands">
      <UniqueIdentifier>{6d0944c5-192c-4bb2-8ead-9bc54a1f40f9}</UniqueIdentifier>
    </Filter>
  </ItemGroup>
  <ItemGroup>
    <ClCompile Include="Main.cpp">
      <Filter>Source Files</Filter>
    </ClCompile>
    <ClCompile Include="PlayFieldComponent.cpp">
      <Filter>Components</Filter>
    </ClCompile>
    <ClCompile Include="LevelNodeComponent.cpp">
      <Filter>Components</Filter>
    </ClCompile>
    <ClCompile Include="Factories.cpp">
      <Filter>Misc</Filter>
    </ClCompile>
    <ClCompile Include="LevelComponent.cpp">
      <Filter>Components</Filter>
    </ClCompile>
    <ClCompile Include="LevelLoader.cpp">
      <Filter>Misc</Filter>
    </ClCompile>
    <ClCompile Include="QbertComponent.cpp">
      <Filter>Components</Filter>
    </ClCompile>
    <ClCompile Include="MoveDownCommand.cpp">
      <Filter>Commands\MovementCommands</Filter>
    </ClCompile>
    <ClCompile Include="MoveLeftCommand.cpp">
      <Filter>Commands\MovementCommands</Filter>
    </ClCompile>
    <ClCompile Include="MoveLeftCommand.h">
      <Filter>Commands\MovementCommands</Filter>
    </ClCompile>
    <ClCompile Include="MoveRightCommand.cpp">
      <Filter>Commands\MovementCommands</Filter>
    </ClCompile>
    <ClCompile Include="MoveUpCommand.cpp">
      <Filter>Commands\MovementCommands</Filter>
    </ClCompile>
  </ItemGroup>
  <ItemGroup>
    <ClInclude Include="PlayFieldComponent.h">
      <Filter>Components</Filter>
    </ClInclude>
    <ClInclude Include="LevelLoader.h">
      <Filter>Misc</Filter>
    </ClInclude>
    <ClInclude Include="LevelNodeComponent.h">
      <Filter>Components</Filter>
    </ClInclude>
    <ClInclude Include="Factories.h">
      <Filter>Misc</Filter>
    </ClInclude>
    <ClInclude Include="LevelComponent.h">
      <Filter>Components</Filter>
    </ClInclude>
    <ClInclude Include="QbertComponent.h">
      <Filter>Components</Filter>
    </ClInclude>
    <ClInclude Include="MoveDownCommand.h">
      <Filter>Commands\MovementCommands</Filter>
    </ClInclude>
    <ClInclude Include="MoveRightCommand.h">
      <Filter>Commands\MovementCommands</Filter>
    </ClInclude>
    <ClInclude Include="MoveUpCommand.h">
      <Filter>Commands\MovementCommands</Filter>
    </ClInclude>
  </ItemGroup>
</Project>